
Microsoft Visual Studio Solution File, Format Version 12.00
# Visual Studio Version 17
VisualStudioVersion = 17.4.33213.308
MinimumVisualStudioVersion = 10.0.40219.1
Project("{FAE04EC0-301F-11D3-BF4B-00C04F79EFBC}") = "EncryptionDecryptionUsingSymmetricKey", "EncryptionDecryptionUsingSymmetricKey\EncryptionDecryptionUsingSymmetricKey.csproj", "{CDC471B1-7D71-485F-A225-B8A05CC91DEE}"
EndProject
Global
	GlobalSection(SolutionConfigurationPlatforms) = preSolution
		Debug|Any CPU = Debug|Any CPU
		Release|Any CPU = Release|Any CPU
	EndGlobalSection
	GlobalSection(ProjectConfigurationPlatforms) = postSolution
		{CDC471B1-7D71-485F-A225-B8A05CC91DEE}.Debug|Any CPU.ActiveCfg = Debug|Any CPU
		{CDC471B1-7D71-485F-A225-B8A05CC91DEE}.Debug|Any CPU.Build.0 = Debug|Any CPU
		{CDC471B1-7D71-485F-A225-B8A05CC91DEE}.Release|Any CPU.ActiveCfg = Release|Any CPU
		{CDC471B1-7D71-485F-A225-B8A05CC91DEE}.Release|Any CPU.Build.0 = Release|Any CPU
	EndGlobalSection
	GlobalSection(SolutionProperties) = preSolution
		HideSolutionNode = FALSE
	EndGlobalSection
	GlobalSection(ExtensibilityGlobals) = postSolution
		SolutionGuid = {DC4A40B0-EA7A-481D-AB1A-D69A29BA1F4D}
	EndGlobalSection
EndGlobal
